# This file was autogenerated by Stack.
# You should not edit this file by hand.
# For more information, please see the documentation at:
#   https://docs.haskellstack.org/en/stable/lock_files

packages:
- completed:
    hackage: gi-gtk-declarative-0.7.1@sha256:bb3095d875b788b53daa77a23af646782bc3420cf48e702440e74e780e027e44,4417
    pantry-tree:
      size: 2393
      sha256: 7f414b78ad02dd60ab429e35cacf7943c5facf583121dabcdc3007fe07d1becc
  original:
    hackage: gi-gtk-declarative-0.7.1@sha256:bb3095d875b788b53daa77a23af646782bc3420cf48e702440e74e780e027e44,4417
- completed:
    hackage: gi-gtk-declarative-app-simple-0.7.1@sha256:b2e0242a428da5a9868a019074043434e97f157a54405f1a947efe01a5fd2971,2276
    pantry-tree:
      size: 311
      sha256: e4cd0c93dad7222d4897835e651c86c55c3f98ab2d87c7d3fd26119991e309ab
  original:
    hackage: gi-gtk-declarative-app-simple-0.7.1@sha256:b2e0242a428da5a9868a019074043434e97f157a54405f1a947efe01a5fd2971,2276
snapshots:
- completed:
    size: 618884
    url: https://raw.githubusercontent.com/commercialhaskell/stackage-snapshots/master/lts/19/7.yaml
    sha256: 57d4ce67cc097fea2058446927987bc1f7408890e3a6df0da74e5e318f051c20
  original:
    url: https://raw.githubusercontent.com/commercialhaskell/stackage-snapshots/master/lts/19/7.yaml
